{
  "name": "base-apparel-coming-soon-master",
  "lockfileVersion": 2,
  "requires": true,
  "packages": {
    "": {
      "dependencies": {
        "animate.css": "^4.1.1",
        "csshake": "^1.5.3"
      }
    },
    "node_modules/animate.css": {
      "version": "4.1.1",
      "resolved": "https://registry.npmjs.org/animate.css/-/animate.css-4.1.1.tgz",
      "integrity": "sha512-+mRmCTv6SbCmtYJCN4faJMNFVNN5EuCTTprDTAo7YzIGji2KADmakjVA3+8mVDkZ2Bf09vayB35lSQIex2+QaQ=="
    },
    "node_modules/csshake": {
      "version": "1.5.3",
      "resolved": "https://registry.npmjs.org/csshake/-/csshake-1.5.3.tgz",
      "integrity": "sha512-1vSyB+N/rdq7QSfqKs/Aj/LKzWFy3xdWpgEuJ63nJw1DmHDTC4rbzkagH9/aVT5otbX77i1cq99OPDIFJofAkQ=="
    }
  },
  "dependencies": {
    "animate.css": {
      "version": "4.1.1",
      "resolved": "https://registry.npmjs.org/animate.css/-/animate.css-4.1.1.tgz",
      "integrity": "sha512-+mRmCTv6SbCmtYJCN4faJMNFVNN5EuCTTprDTAo7YzIGji2KADmakjVA3+8mVDkZ2Bf09vayB35lSQIex2+QaQ=="
    },
    "csshake": {
      "version": "1.5.3",
      "resolved": "https://registry.npmjs.org/csshake/-/csshake-1.5.3.tgz",
      "integrity": "sha512-1vSyB+N/rdq7QSfqKs/Aj/LKzWFy3xdWpgEuJ63nJw1DmHDTC4rbzkagH9/aVT5otbX77i1cq99OPDIFJofAkQ=="
    }
  }
}
